
Microsoft Visual Studio Solution File, Format Version 11.00
# Visual Studio 2010
Project("{FAE04EC0-301F-11D3-BF4B-00C04F79EFBC}") = "Presec", "Presec\Presec.csproj", "{A616CE4D-D783-48AD-A19E-01181A816428}"
EndProject
Global
	GlobalSection(SolutionConfigurationPlatforms) = preSolution
		Debug|Any CPU = Debug|Any CPU
		Release|Any CPU = Release|Any CPU
	EndGlobalSection
	GlobalSection(ProjectConfigurationPlatforms) = postSolution
		{A616CE4D-D783-48AD-A19E-01181A816428}.Debug|Any CPU.ActiveCfg = Debug|Any CPU
		{A616CE4D-D783-48AD-A19E-01181A816428}.Debug|Any CPU.Build.0 = Debug|Any CPU
		{A616CE4D-D783-48AD-A19E-01181A816428}.Release|Any CPU.ActiveCfg = Release|Any CPU
		{A616CE4D-D783-48AD-A19E-01181A816428}.Release|Any CPU.Build.0 = Release|Any CPU
	EndGlobalSection
	GlobalSection(SolutionProperties) = preSolution
		HideSolutionNode = FALSE
	EndGlobalSection
EndGlobal
